
Microsoft Visual Studio Solution File, Format Version 12.00
# Visual Studio 15
VisualStudioVersion = 15.0.28307.168
MinimumVisualStudioVersion = 10.0.40219.1
Project("{FAE04EC0-301F-11D3-BF4B-00C04F79EFBC}") = "MyMusixAPI.Service.Api", "MyMusixAPI\MyMusixAPI.Service.Api.csproj", "{DF6DD692-61C3-4139-BF69-7A1AA71659F7}"
EndProject
Project("{FAE04EC0-301F-11D3-BF4B-00C04F79EFBC}") = "MyMusixApi.Service.Domain", "MyMusixApi.Service.Domain\MyMusixApi.Service.Domain.csproj", "{F4DC5AD4-94C2-4730-89A9-4F52BFD02185}"
EndProject
Global
	GlobalSection(SolutionConfigurationPlatforms) = preSolution
		Debug|Any CPU = Debug|Any CPU
		Release|Any CPU = Release|Any CPU
	EndGlobalSection
	GlobalSection(ProjectConfigurationPlatforms) = postSolution
		{DF6DD692-61C3-4139-BF69-7A1AA71659F7}.Debug|Any CPU.ActiveCfg = Debug|Any CPU
		{DF6DD692-61C3-4139-BF69-7A1AA71659F7}.Debug|Any CPU.Build.0 = Debug|Any CPU
		{DF6DD692-61C3-4139-BF69-7A1AA71659F7}.Release|Any CPU.ActiveCfg = Release|Any CPU
		{DF6DD692-61C3-4139-BF69-7A1AA71659F7}.Release|Any CPU.Build.0 = Release|Any CPU
		{F4DC5AD4-94C2-4730-89A9-4F52BFD02185}.Debug|Any CPU.ActiveCfg = Debug|Any CPU
		{F4DC5AD4-94C2-4730-89A9-4F52BFD02185}.Debug|Any CPU.Build.0 = Debug|Any CPU
		{F4DC5AD4-94C2-4730-89A9-4F52BFD02185}.Release|Any CPU.ActiveCfg = Release|Any CPU
		{F4DC5AD4-94C2-4730-89A9-4F52BFD02185}.Release|Any CPU.Build.0 = Release|Any CPU
	EndGlobalSection
	GlobalSection(SolutionProperties) = preSolution
		HideSolutionNode = FALSE
	EndGlobalSection
	GlobalSection(ExtensibilityGlobals) = postSolution
		SolutionGuid = {D00E9487-9BFC-46F3-8CCA-D9303772DEF8}
	EndGlobalSection
EndGlobal
